<?xml version="1.0" encoding="utf-8"?>
<Project ToolsVersion="4.0" xmlns="http://schemas.microsoft.com/developer/msbuild/2003">
  <ItemGroup>
    <Filter Include="Source Files">
      <UniqueIdentifier>{4FC737F1-C7A5-4376-A066-2A32D752A2FF}</UniqueIdentifier>
      <Extensions>cpp;c;cc;cxx;def;odl;idl;hpj;bat;asm;asmx</Extensions>
    </Filter>
    <Filter Include="Header Files">
      <UniqueIdentifier>{93995380-89BD-4b04-88EB-625FBE52EBFB}</UniqueIdentifier>
      <Extensions>h;hh;hpp;hxx;hm;inl;inc;xsd</Extensions>
    </Filter>
    <Filter Include="Resource Files">
      <UniqueIdentifier>{D9D6E242-F8AF-46E4-B9FD-80ECBC20BA3E}</UniqueIdentifier>
      <Extensions>qrc;*</Extensions>
      <ParseFiles>false</ParseFiles>
    </Filter>
    <Filter Include="Form Files">
      <UniqueIdentifier>{99349809-55BA-4b9d-BF79-8FDBB0286EB3}</UniqueIdentifier>
      <Extensions>ui</Extensions>
    </Filter>
    <Filter Include="Resource Files">
      <UniqueIdentifier>{D9D6E242-F8AF-46E4-B9FD-80ECBC20BA3E}</UniqueIdentifier>
      <Extensions>qrc;*</Extensions>
      <ParseFiles>false</ParseFiles>
    </Filter>
    <Filter Include="Generated Files">
      <UniqueIdentifier>{71ED8ED8-ACB9-4CE9-BBE1-E00B30144E11}</UniqueIdentifier>
      <Extensions>moc;h;cpp</Extensions>
      <SourceControlFiles>False</SourceControlFiles>
    </Filter>
    <Filter Include="Resource Files\Shader">
      <UniqueIdentifier>{88c2b4d9-f72f-47df-80af-322bfcfa8fe1}</UniqueIdentifier>
    </Filter>
    <Filter Include="Header Files\Graphics Engine">
      <UniqueIdentifier>{66ff1b4b-41cd-4bd7-bdfc-3e241c33fc9b}</UniqueIdentifier>
    </Filter>
    <Filter Include="Header Files\Spherical Harmonics">
      <UniqueIdentifier>{7d176f9f-9d9e-4f88-a177-4b5ec9e3695b}</UniqueIdentifier>
    </Filter>
    <Filter Include="Source Files\Graphics Engine">
      <UniqueIdentifier>{49bbd60f-87d2-477a-b9bb-7ed75628c9ac}</UniqueIdentifier>
    </Filter>
    <Filter Include="Source Files\Spherical Harmonics">
      <UniqueIdentifier>{d7d0a472-0c25-4c5d-babf-e064445c081d}</UniqueIdentifier>
    </Filter>
    <Filter Include="Source Files\Widget">
      <UniqueIdentifier>{e819f486-c8f2-461c-bc56-571cd2106dcc}</UniqueIdentifier>
    </Filter>
  </ItemGroup>
  <ItemGroup>
    <ClCompile Include="main.cpp">
      <Filter>Source Files</Filter>
    </ClCompile>
    <ClCompile Include="Camera3D.cpp">
      <Filter>Source Files\Graphics Engine</Filter>
    </ClCompile>
    <ClCompile Include="Group3D.cpp">
      <Filter>Source Files\Graphics Engine</Filter>
    </ClCompile>
    <ClCompile Include="Material.cpp">
      <Filter>Source Files\Graphics Engine</Filter>
    </ClCompile>
    <ClCompile Include="MaterialLibrary.cpp">
      <Filter>Source Files\Graphics Engine</Filter>
    </ClCompile>
    <ClCompile Include="Object3D.cpp">
      <Filter>Source Files\Graphics Engine</Filter>
    </ClCompile>
    <ClCompile Include="ObjectEngine3D.cpp">
      <Filter>Source Files\Graphics Engine</Filter>
    </ClCompile>
    <ClCompile Include="Skybox.cpp">
      <Filter>Source Files\Graphics Engine</Filter>
    </ClCompile>
    <ClCompile Include="SphericalHarmonicsEvaluator.cpp">
      <Filter>Source Files\Spherical Harmonics</Filter>
    </ClCompile>
    <ClCompile Include="SphericalHarmonicsSampler.cpp">
      <Filter>Source Files\Spherical Harmonics</Filter>
    </ClCompile>
    <ClCompile Include="SphericalHarmonicsLighting.cpp">
      <Filter>Source Files</Filter>
    </ClCompile>
    <ClCompile Include="Widget.cpp">
      <Filter>Source Files\Widget</Filter>
    </ClCompile>
    <ClCompile Include="WidgetCallback.cpp">
      <Filter>Source Files\Widget</Filter>
    </ClCompile>
    <ClCompile Include="WidgetParameter.cpp">
      <Filter>Source Files\Widget</Filter>
    </ClCompile>
    <ClCompile Include="QtInitialization.cpp">
      <Filter>Source Files</Filter>
    </ClCompile>
    <ClCompile Include="QtSlotFunction.cpp">
      <Filter>Source Files</Filter>
    </ClCompile>
  </ItemGroup>
  <ItemGroup>
    <QtMoc Include="SphericalHarmonicsLighting.h">
      <Filter>Header Files</Filter>
    </QtMoc>
  </ItemGroup>
  <ItemGroup>
    <QtUic Include="SphericalHarmonicsLighting.ui">
      <Filter>Form Files</Filter>
    </QtUic>
  </ItemGroup>
  <ItemGroup>
    <QtRcc Include="SphericalHarmonicsLighting.qrc">
      <Filter>Resource Files</Filter>
    </QtRcc>
  </ItemGroup>
  <ItemGroup>
    <ClInclude Include="Widget.h">
      <Filter>Header Files</Filter>
    </ClInclude>
    <ClInclude Include="Camera3D.h">
      <Filter>Header Files\Graphics Engine</Filter>
    </ClInclude>
    <ClInclude Include="Group3D.h">
      <Filter>Header Files\Graphics Engine</Filter>
    </ClInclude>
    <ClInclude Include="Material.h">
      <Filter>Header Files\Graphics Engine</Filter>
    </ClInclude>
    <ClInclude Include="MaterialLibrary.h">
      <Filter>Header Files\Graphics Engine</Filter>
    </ClInclude>
    <ClInclude Include="Object3D.h">
      <Filter>Header Files\Graphics Engine</Filter>
    </ClInclude>
    <ClInclude Include="ObjectEngine3D.h">
      <Filter>Header Files\Graphics Engine</Filter>
    </ClInclude>
    <ClInclude Include="Skybox.h">
      <Filter>Header Files\Graphics Engine</Filter>
    </ClInclude>
    <ClInclude Include="Transformational.h">
      <Filter>Header Files\Graphics Engine</Filter>
    </ClInclude>
    <ClInclude Include="SphericalHarmonicsEvaluator.h">
      <Filter>Header Files\Spherical Harmonics</Filter>
    </ClInclude>
    <ClInclude Include="SphericalHarmonicsSampler.h">
      <Filter>Header Files\Spherical Harmonics</Filter>
    </ClInclude>
  </ItemGroup>
  <ItemGroup>
    <None Include="Object.fsh">
      <Filter>Resource Files\Shader</Filter>
    </None>
    <None Include="Skybox.fsh">
      <Filter>Resource Files\Shader</Filter>
    </None>
    <None Include="Shader.fsh">
      <Filter>Resource Files\Shader</Filter>
    </None>
  </ItemGroup>
  <ItemGroup>
    <FxCompile Include="Object.vsh">
      <Filter>Resource Files\Shader</Filter>
    </FxCompile>
    <FxCompile Include="Skybox.vsh">
      <Filter>Resource Files\Shader</Filter>
    </FxCompile>
    <FxCompile Include="Shader.vsh">
      <Filter>Resource Files\Shader</Filter>
    </FxCompile>
  </ItemGroup>
</Project>